{
  "object": {
    "pins": [
      {
        "package": "MiniNe",
        "repositoryURL": "/Users/kevin/Documents/KNC_Creative/Swift_Scripting/Packages/MiniNe",
        "state": {
          "branch": "master",
          "revision": "0f2daca80415d9130cfd055ac644e37d447ffdb7",
          "version": null
        }
      }
    ]
  },
  "version": 1
}
