{
  "object": {
    "pins": [
      {
        "package": "MiniNe",
        "repositoryURL": "https://github.com/kevcodex/MiniNe",
        "state": {
          "branch": null,
          "revision": "9cfad52f9a564426292227c15e1b089ee476962f",
          "version": "2.0.0"
        }
      }
    ]
  },
  "version": 1
}
