{
  "object": {
    "pins": [
      {
        "package": "MiniNe",
        "repositoryURL": "/Users/kevin/Documents/KNC_Creative/Swift_Scripting/Packages/MiniNe",
        "state": {
          "branch": null,
          "revision": "1093d4e96b4ae7dfd68889707bad5b25c119708d",
          "version": "1.3.4"
        }
      }
    ]
  },
  "version": 1
}
